
Microsoft Visual Studio Solution File, Format Version 12.00
# Visual Studio 15
VisualStudioVersion = 15.0.27004.2009
MinimumVisualStudioVersion = 10.0.40219.1
Project("{FAE04EC0-301F-11D3-BF4B-00C04F79EFBC}") = "CommandAndConquer.CLI", "CommandAndConquer.CLI\CommandAndConquer.CLI.csproj", "{5D0C7473-D01F-4824-A75B-49C7FE90F4F1}"
EndProject
Project("{FAE04EC0-301F-11D3-BF4B-00C04F79EFBC}") = "CommandAndConquer.Tests", "CommandAndConquer.Tests\CommandAndConquer.Tests.csproj", "{9BE46BDA-B098-4AF1-8549-E4152F36564C}"
EndProject
Global
	GlobalSection(SolutionConfigurationPlatforms) = preSolution
		Debug|Any CPU = Debug|Any CPU
		Release|Any CPU = Release|Any CPU
	EndGlobalSection
	GlobalSection(ProjectConfigurationPlatforms) = postSolution
		{5D0C7473-D01F-4824-A75B-49C7FE90F4F1}.Debug|Any CPU.ActiveCfg = Debug|Any CPU
		{5D0C7473-D01F-4824-A75B-49C7FE90F4F1}.Debug|Any CPU.Build.0 = Debug|Any CPU
		{5D0C7473-D01F-4824-A75B-49C7FE90F4F1}.Release|Any CPU.ActiveCfg = Release|Any CPU
		{5D0C7473-D01F-4824-A75B-49C7FE90F4F1}.Release|Any CPU.Build.0 = Release|Any CPU
		{9BE46BDA-B098-4AF1-8549-E4152F36564C}.Debug|Any CPU.ActiveCfg = Debug|Any CPU
		{9BE46BDA-B098-4AF1-8549-E4152F36564C}.Debug|Any CPU.Build.0 = Debug|Any CPU
		{9BE46BDA-B098-4AF1-8549-E4152F36564C}.Release|Any CPU.ActiveCfg = Release|Any CPU
		{9BE46BDA-B098-4AF1-8549-E4152F36564C}.Release|Any CPU.Build.0 = Release|Any CPU
	EndGlobalSection
	GlobalSection(SolutionProperties) = preSolution
		HideSolutionNode = FALSE
	EndGlobalSection
	GlobalSection(ExtensibilityGlobals) = postSolution
		SolutionGuid = {56B315A8-299A-4713-A074-90C933D0AD72}
	EndGlobalSection
EndGlobal
