
Microsoft Visual Studio Solution File, Format Version 12.00
# Visual Studio 15
VisualStudioVersion = 15.0.27004.2009
MinimumVisualStudioVersion = 10.0.40219.1
Project("{FAE04EC0-301F-11D3-BF4B-00C04F79EFBC}") = "CommandAndConquer.CLI.Template", "CommandAndConquer.CLI.Template\CommandAndConquer.CLI.Template.csproj", "{939864B3-FAA1-4ADC-8027-299A8C0946B9}"
EndProject
Global
	GlobalSection(SolutionConfigurationPlatforms) = preSolution
		Debug|Any CPU = Debug|Any CPU
		Release|Any CPU = Release|Any CPU
	EndGlobalSection
	GlobalSection(ProjectConfigurationPlatforms) = postSolution
		{939864B3-FAA1-4ADC-8027-299A8C0946B9}.Debug|Any CPU.ActiveCfg = Debug|Any CPU
		{939864B3-FAA1-4ADC-8027-299A8C0946B9}.Debug|Any CPU.Build.0 = Debug|Any CPU
		{939864B3-FAA1-4ADC-8027-299A8C0946B9}.Release|Any CPU.ActiveCfg = Release|Any CPU
		{939864B3-FAA1-4ADC-8027-299A8C0946B9}.Release|Any CPU.Build.0 = Release|Any CPU
	EndGlobalSection
	GlobalSection(SolutionProperties) = preSolution
		HideSolutionNode = FALSE
	EndGlobalSection
	GlobalSection(ExtensibilityGlobals) = postSolution
		SolutionGuid = {E43766B6-5B10-45F3-9DA9-D35E5C6CCE6B}
	EndGlobalSection
EndGlobal
